<?xml version="1.0" encoding="utf-8"?>
<Project ToolsVersion="4.0" xmlns="http://schemas.microsoft.com/developer/msbuild/2003">
  <ItemGroup>
    <Filter Include="리소스 파일">
      <UniqueIdentifier>{67DA6AB6-F800-4c08-8B7A-83BB121AAD01}</UniqueIdentifier>
      <Extensions>rc;ico;cur;bmp;dlg;rc2;rct;bin;rgs;gif;jpg;jpeg;jpe;resx;tiff;tif;png;wav;mfcribbon-ms</Extensions>
    </Filter>
    <Filter Include="Engine">
      <UniqueIdentifier>{e36dcc9a-3059-4405-99d7-e282f504ebaf}</UniqueIdentifier>
    </Filter>
    <Filter Include="main">
      <UniqueIdentifier>{b50b9446-6c26-47d4-a3d5-31d44ac68d4d}</UniqueIdentifier>
    </Filter>
    <Filter Include="Contents">
      <UniqueIdentifier>{752621a0-2c1a-49eb-acd8-4e7956ec2c7d}</UniqueIdentifier>
    </Filter>
    <Filter Include="Engine\GameObject">
      <UniqueIdentifier>{c8f3dd68-c91a-4b35-b620-64cdad4842e9}</UniqueIdentifier>
    </Filter>
    <Filter Include="Engine\High Level interface">
      <UniqueIdentifier>{436c21de-0ae6-4d59-8751-c7a05d62d367}</UniqueIdentifier>
    </Filter>
    <Filter Include="Engine\Scene">
      <UniqueIdentifier>{3ce43cfa-1750-44e5-ac8f-5c283cb6799f}</UniqueIdentifier>
    </Filter>
    <Filter Include="Engine\Component">
      <UniqueIdentifier>{5cb15e31-39ec-4cfb-a546-8b103dcaeed6}</UniqueIdentifier>
    </Filter>
    <Filter Include="Engine\Layer">
      <UniqueIdentifier>{e3de15b5-c3ce-423b-a4ed-bedb855d36c7}</UniqueIdentifier>
    </Filter>
    <Filter Include="Engine\Scene\PlayScene">
      <UniqueIdentifier>{a0289990-4a47-4faf-a1bf-9315d8a1a388}</UniqueIdentifier>
    </Filter>
    <Filter Include="Engine\Time">
      <UniqueIdentifier>{b838df60-0dfa-4112-9944-d4854f1342ff}</UniqueIdentifier>
    </Filter>
    <Filter Include="Contents\Player">
      <UniqueIdentifier>{2b08006e-24ed-458c-8031-43b9784d4314}</UniqueIdentifier>
    </Filter>
    <Filter Include="Contents\Scene">
      <UniqueIdentifier>{174877de-5b0f-49c2-8c90-c9ce8fad0f80}</UniqueIdentifier>
    </Filter>
    <Filter Include="Engine\Input">
      <UniqueIdentifier>{91413d4c-4c91-4a8b-8f96-852ab8ed465e}</UniqueIdentifier>
    </Filter>
    <Filter Include="Engine\Resource">
      <UniqueIdentifier>{9f177c78-8b60-487b-8e2b-6311d0632356}</UniqueIdentifier>
    </Filter>
    <Filter Include="Engine\Component\Common">
      <UniqueIdentifier>{dad570d8-1d2f-41e3-afb4-66e2930bf380}</UniqueIdentifier>
    </Filter>
    <Filter Include="Contents\Scene\MyTitleScene">
      <UniqueIdentifier>{70bc8e35-de43-467d-8b79-f9b11a2ef5af}</UniqueIdentifier>
    </Filter>
    <Filter Include="Contents\Scene\MyEndScene">
      <UniqueIdentifier>{688cac28-28be-40ff-bb6b-1090c2e34947}</UniqueIdentifier>
    </Filter>
    <Filter Include="Contents\Scene\MyStageScene">
      <UniqueIdentifier>{9d0d7c36-ee03-4167-8fb0-6596bc27e985}</UniqueIdentifier>
    </Filter>
    <Filter Include="Contents\Scene\MyStageScene\Stage1">
      <UniqueIdentifier>{08623598-f76c-462c-987f-e25d91fb878f}</UniqueIdentifier>
    </Filter>
    <Filter Include="Contents\Scene\MyStageScene\Stage1\Room1">
      <UniqueIdentifier>{03375157-d416-470d-80c0-9d1e807f9282}</UniqueIdentifier>
    </Filter>
    <Filter Include="Engine\Component\Animation">
      <UniqueIdentifier>{d68f183e-0b23-4b56-97bb-f149b71be598}</UniqueIdentifier>
    </Filter>
    <Filter Include="Engine\Component\Transform">
      <UniqueIdentifier>{7c0f9a69-c98f-4323-868d-740bb16fdfce}</UniqueIdentifier>
    </Filter>
    <Filter Include="Contents\Scene\MyStageScene\Stage1\Room2">
      <UniqueIdentifier>{c3393ae6-727d-4281-ad81-4a7449402962}</UniqueIdentifier>
    </Filter>
    <Filter Include="Engine\Component\Collider">
      <UniqueIdentifier>{54db552f-f5a3-43fa-95d5-69f57dccbb2e}</UniqueIdentifier>
    </Filter>
    <Filter Include="Contents\Monster">
      <UniqueIdentifier>{679ddc53-7b82-4b2a-aac6-9082caeff742}</UniqueIdentifier>
    </Filter>
    <Filter Include="Engine\Camera">
      <UniqueIdentifier>{a8aca8cb-9c6a-4397-ab86-ed7a64ad3832}</UniqueIdentifier>
    </Filter>
    <Filter Include="Contents\Effect">
      <UniqueIdentifier>{ae8046ac-1257-41c1-a73e-9d6a027140bb}</UniqueIdentifier>
    </Filter>
    <Filter Include="Contents\Scene\fade In/Out">
      <UniqueIdentifier>{7dcc9be6-1ceb-4315-9b9e-a197ba9cfc1d}</UniqueIdentifier>
    </Filter>
    <Filter Include="Engine\Component\RigidBody">
      <UniqueIdentifier>{b11e533a-3cca-49a4-9bd7-10068cc183c8}</UniqueIdentifier>
    </Filter>
    <Filter Include="Contents\Object">
      <UniqueIdentifier>{5567d1f6-f690-439f-97c2-2cd69c9fd85a}</UniqueIdentifier>
    </Filter>
    <Filter Include="Contents\Object\Ground">
      <UniqueIdentifier>{b691a87c-11f3-47fb-8fb2-65e55b4480f4}</UniqueIdentifier>
    </Filter>
    <Filter Include="Contents\Object\Star">
      <UniqueIdentifier>{d832ab79-5119-44ff-b304-544bba5e1000}</UniqueIdentifier>
    </Filter>
    <Filter Include="Contents\Skill">
      <UniqueIdentifier>{b0108517-4abd-476f-9127-b4e58fb23681}</UniqueIdentifier>
    </Filter>
    <Filter Include="Contents\Skill\BeamKirbySkill">
      <UniqueIdentifier>{de9f915c-6fa9-446e-8fc0-13204614fdb6}</UniqueIdentifier>
    </Filter>
    <Filter Include="Contents\UI">
      <UniqueIdentifier>{81bc1004-2596-4226-8b78-9fad9a697bd6}</UniqueIdentifier>
    </Filter>
    <Filter Include="Contents\Monster\BrontoBurt">
      <UniqueIdentifier>{b98001d0-667a-441a-99e5-606caa805af5}</UniqueIdentifier>
    </Filter>
    <Filter Include="Contents\Monster\Cappy">
      <UniqueIdentifier>{b1f919e6-bf5a-4c78-8376-031fd4cebb5c}</UniqueIdentifier>
    </Filter>
    <Filter Include="Contents\Monster\Twizzy">
      <UniqueIdentifier>{4d758a84-5cb3-4786-ab51-feac1098453c}</UniqueIdentifier>
    </Filter>
    <Filter Include="Contents\Monster\Waddle">
      <UniqueIdentifier>{06f98ccf-8fe8-4404-8274-a21ea765e2f6}</UniqueIdentifier>
    </Filter>
    <Filter Include="Contents\Monster\Waddle\WaddleBeam">
      <UniqueIdentifier>{d7b7f59d-c578-4171-86a1-d535857c2f07}</UniqueIdentifier>
    </Filter>
    <Filter Include="Contents\Object\Portal">
      <UniqueIdentifier>{3ff4b298-a698-4579-89cb-a34e75fc4a84}</UniqueIdentifier>
    </Filter>
    <Filter Include="Contents\Monster\Bros">
      <UniqueIdentifier>{80f6e9a0-0636-4026-9177-c7ac33e03e26}</UniqueIdentifier>
    </Filter>
    <Filter Include="Contents\Scene\MyStageScene\Stage1\Room3">
      <UniqueIdentifier>{a8a8525f-5e47-412c-85ce-fce46177fa9f}</UniqueIdentifier>
    </Filter>
    <Filter Include="Contents\Scene\MyStageScene\Stage1\TreeBoss">
      <UniqueIdentifier>{37856629-ee01-4b1e-966a-019154613aa7}</UniqueIdentifier>
    </Filter>
    <Filter Include="Contents\Item">
      <UniqueIdentifier>{a09df25e-9e8b-4122-b25a-0d16758d83f1}</UniqueIdentifier>
    </Filter>
    <Filter Include="Contents\Scene\MyStageScene\SecretRoom">
      <UniqueIdentifier>{7f1fe084-d908-4805-ba8a-c30994950a20}</UniqueIdentifier>
    </Filter>
    <Filter Include="Contents\Object\Box">
      <UniqueIdentifier>{1feafb8e-9a3d-44d6-8434-faba32933870}</UniqueIdentifier>
    </Filter>
    <Filter Include="Contents\Boss">
      <UniqueIdentifier>{fe8fae11-deca-4c2d-abfc-ae395ecb9f7f}</UniqueIdentifier>
    </Filter>
    <Filter Include="Contents\Monster\Grizzo">
      <UniqueIdentifier>{1362d353-3ed1-4cdf-899c-3fa863137c57}</UniqueIdentifier>
    </Filter>
    <Filter Include="Contents\Monster\WaddleDee">
      <UniqueIdentifier>{879ab74c-1f6b-4e8e-9b6e-d585ec5727cc}</UniqueIdentifier>
    </Filter>
    <Filter Include="Contents\SaveKirby">
      <UniqueIdentifier>{433d63ba-a472-4957-a910-22ad943c3ee6}</UniqueIdentifier>
    </Filter>
    <Filter Include="Contents\Skill\BoombKirbySkill">
      <UniqueIdentifier>{c687bf76-ab06-49c7-9f73-d656b186045b}</UniqueIdentifier>
    </Filter>
    <Filter Include="Contents\Skill\AbsorbEffect">
      <UniqueIdentifier>{9ab1eb29-ba68-4b95-bd76-4bc1d03ab986}</UniqueIdentifier>
    </Filter>
    <Filter Include="Contents\Skill\Air">
      <UniqueIdentifier>{eb5ab93c-6f97-4530-8e6d-25855b111482}</UniqueIdentifier>
    </Filter>
    <Filter Include="Contents\Skill\StarShot">
      <UniqueIdentifier>{e8f4b667-8609-4e7f-93ce-2307a3a5b13c}</UniqueIdentifier>
    </Filter>
    <Filter Include="Contents\Skill\KirbyBoom">
      <UniqueIdentifier>{09fc860e-5550-43f1-a67f-dd7517147274}</UniqueIdentifier>
    </Filter>
  </ItemGroup>
  <ItemGroup>
    <ClInclude Include="framework.h">
      <Filter>main</Filter>
    </ClInclude>
    <ClInclude Include="MyAPI.h">
      <Filter>main</Filter>
    </ClInclude>
    <ClInclude Include="Resource.h">
      <Filter>main</Filter>
    </ClInclude>
    <ClInclude Include="targetver.h">
      <Filter>main</Filter>
    </ClInclude>
    <ClInclude Include="Commoninclude.h">
      <Filter>Engine\Component\Common</Filter>
    </ClInclude>
    <ClInclude Include="MyEngine.h">
      <Filter>Engine\Component\Common</Filter>
    </ClInclude>
    <ClInclude Include="MyEnums.h">
      <Filter>Engine\Component\Common</Filter>
    </ClInclude>
    <ClInclude Include="MyMath.h">
      <Filter>Engine\Component\Common</Filter>
    </ClInclude>
    <ClInclude Include="MyGameObject.h">
      <Filter>Engine\GameObject</Filter>
    </ClInclude>
    <ClInclude Include="MyEntity.h">
      <Filter>Engine\Component\Common</Filter>
    </ClInclude>
    <ClInclude Include="MyApplication.h">
      <Filter>Engine\High Level interface</Filter>
    </ClInclude>
    <ClInclude Include="MyScene.h">
      <Filter>Engine\Scene</Filter>
    </ClInclude>
    <ClInclude Include="MyComponent.h">
      <Filter>Engine\Component</Filter>
    </ClInclude>
    <ClInclude Include="MySceneManager.h">
      <Filter>Engine\Scene</Filter>
    </ClInclude>
    <ClInclude Include="MyLayer.h">
      <Filter>Engine\Layer</Filter>
    </ClInclude>
    <ClInclude Include="MyKirby.h">
      <Filter>Contents\Player</Filter>
    </ClInclude>
    <ClInclude Include="MyInput.h">
      <Filter>Engine\Input</Filter>
    </ClInclude>
    <ClInclude Include="MyTime.h">
      <Filter>Engine\Time</Filter>
    </ClInclude>
    <ClInclude Include="MyResource.h">
      <Filter>Engine\Resource</Filter>
    </ClInclude>
    <ClInclude Include="MyResources.h">
      <Filter>Engine\Resource</Filter>
    </ClInclude>
    <ClInclude Include="MyTitleScene.h">
      <Filter>Contents\Scene\MyTitleScene</Filter>
    </ClInclude>
    <ClInclude Include="MyTransform.h">
      <Filter>Engine\Component\Transform</Filter>
    </ClInclude>
    <ClInclude Include="MyAnimator.h">
      <Filter>Engine\Component\Animation</Filter>
    </ClInclude>
    <ClInclude Include="MyAnimation.h">
      <Filter>Engine\Component\Animation</Filter>
    </ClInclude>
    <ClInclude Include="Room1.h">
      <Filter>Contents\Scene\MyStageScene\Stage1\Room1</Filter>
    </ClInclude>
    <ClInclude Include="Room2.h">
      <Filter>Contents\Scene\MyStageScene\Stage1\Room2</Filter>
    </ClInclude>
    <ClInclude Include="Stage1_1.h">
      <Filter>Contents\Scene\MyStageScene\Stage1\Room1</Filter>
    </ClInclude>
    <ClInclude Include="Stage1_2.h">
      <Filter>Contents\Scene\MyStageScene\Stage1\Room2</Filter>
    </ClInclude>
    <ClInclude Include="MyImage.h">
      <Filter>Engine\Resource</Filter>
    </ClInclude>
    <ClInclude Include="Ttitle.h">
      <Filter>Contents\Scene\MyTitleScene</Filter>
    </ClInclude>
    <ClInclude Include="MyCollider.h">
      <Filter>Engine\Component\Collider</Filter>
    </ClInclude>
    <ClInclude Include="MyCollisionManager.h">
      <Filter>Engine\Component\Collider</Filter>
    </ClInclude>
    <ClInclude Include="Stage1_1bk.h">
      <Filter>Contents\Scene\MyStageScene\Stage1\Room1</Filter>
    </ClInclude>
    <ClInclude Include="MyCamera.h">
      <Filter>Engine\Camera</Filter>
    </ClInclude>
    <ClInclude Include="MyObject.h">
      <Filter>Engine\GameObject</Filter>
    </ClInclude>
    <ClInclude Include="Stage1_2bk.h">
      <Filter>Contents\Scene\MyStageScene\Stage1\Room2</Filter>
    </ClInclude>
    <ClInclude Include="AbsorbLeftEffect.h">
      <Filter>Contents\Skill\AbsorbEffect</Filter>
    </ClInclude>
    <ClInclude Include="AbsorbEffect.h">
      <Filter>Contents\Skill\AbsorbEffect</Filter>
    </ClInclude>
    <ClInclude Include="MyfadeOut.h">
      <Filter>Contents\Scene\fade In/Out</Filter>
    </ClInclude>
    <ClInclude Include="MyfadeIn.h">
      <Filter>Contents\Scene\fade In/Out</Filter>
    </ClInclude>
    <ClInclude Include="MyRigidBody.h">
      <Filter>Engine\Component\RigidBody</Filter>
    </ClInclude>
    <ClInclude Include="Air.h">
      <Filter>Contents\Skill\Air</Filter>
    </ClInclude>
    <ClInclude Include="AirLeft.h">
      <Filter>Contents\Skill\Air</Filter>
    </ClInclude>
    <ClInclude Include="R1Ground.h">
      <Filter>Contents\Object\Ground</Filter>
    </ClInclude>
    <ClInclude Include="Star.h">
      <Filter>Contents\Skill\StarShot</Filter>
    </ClInclude>
    <ClInclude Include="StarMap.h">
      <Filter>Contents\Object\Star</Filter>
    </ClInclude>
    <ClInclude Include="R2Ground.h">
      <Filter>Contents\Object\Ground</Filter>
    </ClInclude>
    <ClInclude Include="MyRectangle.h" />
    <ClInclude Include="EnergyBeam.h">
      <Filter>Contents\Skill\BeamKirbySkill</Filter>
    </ClInclude>
    <ClInclude Include="KirbyBeam.h">
      <Filter>Contents\Skill\BeamKirbySkill</Filter>
    </ClInclude>
    <ClInclude Include="LeftKirbyBeam.h">
      <Filter>Contents\Skill\BeamKirbySkill</Filter>
    </ClInclude>
    <ClInclude Include="LeftEnergyBeam.h">
      <Filter>Contents\Skill\BeamKirbySkill</Filter>
    </ClInclude>
    <ClInclude Include="HP.h">
      <Filter>Contents\UI</Filter>
    </ClInclude>
    <ClInclude Include="BrontoBurt.h">
      <Filter>Contents\Monster\BrontoBurt</Filter>
    </ClInclude>
    <ClInclude Include="MyCappy.h">
      <Filter>Contents\Monster\Cappy</Filter>
    </ClInclude>
    <ClInclude Include="MyTwizzy.h">
      <Filter>Contents\Monster\Twizzy</Filter>
    </ClInclude>
    <ClInclude Include="MyWaddle.h">
      <Filter>Contents\Monster\Waddle</Filter>
    </ClInclude>
    <ClInclude Include="LeftBeam.h">
      <Filter>Contents\Monster\Waddle\WaddleBeam</Filter>
    </ClInclude>
    <ClInclude Include="Beam.h">
      <Filter>Contents\Monster\Waddle\WaddleBeam</Filter>
    </ClInclude>
    <ClInclude Include="Stage2Pt.h">
      <Filter>Contents\Object\Portal</Filter>
    </ClInclude>
    <ClInclude Include="Bros.h">
      <Filter>Contents\Monster\Bros</Filter>
    </ClInclude>
    <ClInclude Include="TreeStage.h">
      <Filter>Contents\Scene\MyStageScene\Stage1\TreeBoss</Filter>
    </ClInclude>
    <ClInclude Include="TreeBK.h">
      <Filter>Contents\Scene\MyStageScene\Stage1\TreeBoss</Filter>
    </ClInclude>
    <ClInclude Include="TreeScene.h">
      <Filter>Contents\Scene\MyStageScene\Stage1\TreeBoss</Filter>
    </ClInclude>
    <ClInclude Include="Stage1_3bk.h">
      <Filter>Contents\Scene\MyStageScene\Stage1\Room3</Filter>
    </ClInclude>
    <ClInclude Include="Room3.h">
      <Filter>Contents\Scene\MyStageScene\Stage1\Room3</Filter>
    </ClInclude>
    <ClInclude Include="Stage1_3.h">
      <Filter>Contents\Scene\MyStageScene\Stage1\Room3</Filter>
    </ClInclude>
    <ClInclude Include="portion3.h">
      <Filter>Contents\Item</Filter>
    </ClInclude>
    <ClInclude Include="Portion1.h">
      <Filter>Contents\Item</Filter>
    </ClInclude>
    <ClInclude Include="portion2.h">
      <Filter>Contents\Item</Filter>
    </ClInclude>
    <ClInclude Include="SecretRoomScene.h">
      <Filter>Contents\Scene\MyStageScene\SecretRoom</Filter>
    </ClInclude>
    <ClInclude Include="SecretRoom.h">
      <Filter>Contents\Scene\MyStageScene\SecretRoom</Filter>
    </ClInclude>
    <ClInclude Include="Box.h">
      <Filter>Contents\Object\Box</Filter>
    </ClInclude>
    <ClInclude Include="R3Ground.h">
      <Filter>Contents\Object\Ground</Filter>
    </ClInclude>
    <ClInclude Include="Stage3Pt.h">
      <Filter>Contents\Object\Portal</Filter>
    </ClInclude>
    <ClInclude Include="TreeGround.h">
      <Filter>Contents\Object\Ground</Filter>
    </ClInclude>
    <ClInclude Include="TreeBoss.h">
      <Filter>Contents\Boss</Filter>
    </ClInclude>
    <ClInclude Include="WaddleDee.h">
      <Filter>Contents\Monster\WaddleDee</Filter>
    </ClInclude>
    <ClInclude Include="Grizzo.h">
      <Filter>Contents\Monster\Grizzo</Filter>
    </ClInclude>
    <ClInclude Include="SaveKirby.h">
      <Filter>Contents\SaveKirby</Filter>
    </ClInclude>
    <ClInclude Include="RightBoomb.h">
      <Filter>Contents\Skill\BoombKirbySkill</Filter>
    </ClInclude>
    <ClInclude Include="LeftBoomb.h">
      <Filter>Contents\Skill\BoombKirbySkill</Filter>
    </ClInclude>
    <ClInclude Include="RightZoom.h">
      <Filter>Contents\Skill\BoombKirbySkill</Filter>
    </ClInclude>
    <ClInclude Include="LeftZoom.h">
      <Filter>Contents\Skill\BoombKirbySkill</Filter>
    </ClInclude>
    <ClInclude Include="BoomBros.h">
      <Filter>Contents\Monster\Bros</Filter>
    </ClInclude>
    <ClInclude Include="Explosion.h">
      <Filter>Contents\Effect</Filter>
    </ClInclude>
    <ClInclude Include="boomrect.h" />
    <ClInclude Include="KirbyRightBoom.h">
      <Filter>Contents\Skill\KirbyBoom</Filter>
    </ClInclude>
    <ClInclude Include="KirbyLeftBoom.h">
      <Filter>Contents\Skill\KirbyBoom</Filter>
    </ClInclude>
  </ItemGroup>
  <ItemGroup>
    <ResourceCompile Include="MyAPI.rc">
      <Filter>리소스 파일</Filter>
    </ResourceCompile>
  </ItemGroup>
  <ItemGroup>
    <Image Include="small.ico">
      <Filter>리소스 파일</Filter>
    </Image>
    <Image Include="MyAPI.ico">
      <Filter>리소스 파일</Filter>
    </Image>
  </ItemGroup>
  <ItemGroup>
    <ClCompile Include="MyAPI.cpp">
      <Filter>main</Filter>
    </ClCompile>
    <ClCompile Include="MyMath.cpp">
      <Filter>Engine\Component\Common</Filter>
    </ClCompile>
    <ClCompile Include="MyGameObject.cpp">
      <Filter>Engine\GameObject</Filter>
    </ClCompile>
    <ClCompile Include="MyEntity.cpp">
      <Filter>Engine\Component\Common</Filter>
    </ClCompile>
    <ClCompile Include="MyApplication.cpp">
      <Filter>Engine\High Level interface</Filter>
    </ClCompile>
    <ClCompile Include="MyScene.cpp">
      <Filter>Engine\Scene</Filter>
    </ClCompile>
    <ClCompile Include="MyComponent.cpp">
      <Filter>Engine\Component</Filter>
    </ClCompile>
    <ClCompile Include="MySceneManager.cpp">
      <Filter>Engine\Scene</Filter>
    </ClCompile>
    <ClCompile Include="MyLayer.cpp">
      <Filter>Engine\Layer</Filter>
    </ClCompile>
    <ClCompile Include="MyKirby.cpp">
      <Filter>Contents\Player</Filter>
    </ClCompile>
    <ClCompile Include="MyInput.cpp">
      <Filter>Engine\Input</Filter>
    </ClCompile>
    <ClCompile Include="MyTime.cpp">
      <Filter>Engine\Time</Filter>
    </ClCompile>
    <ClCompile Include="MyResource.cpp">
      <Filter>Engine\Resource</Filter>
    </ClCompile>
    <ClCompile Include="MyResources.cpp">
      <Filter>Engine\Resource</Filter>
    </ClCompile>
    <ClCompile Include="MyTitleScene.cpp">
      <Filter>Contents\Scene\MyTitleScene</Filter>
    </ClCompile>
    <ClCompile Include="MyTransform.cpp">
      <Filter>Engine\Component\Transform</Filter>
    </ClCompile>
    <ClCompile Include="MyAnimator.cpp">
      <Filter>Engine\Component\Animation</Filter>
    </ClCompile>
    <ClCompile Include="MyAnimation.cpp">
      <Filter>Engine\Component\Animation</Filter>
    </ClCompile>
    <ClCompile Include="Room1.cpp">
      <Filter>Contents\Scene\MyStageScene\Stage1\Room1</Filter>
    </ClCompile>
    <ClCompile Include="Room2.cpp">
      <Filter>Contents\Scene\MyStageScene\Stage1\Room2</Filter>
    </ClCompile>
    <ClCompile Include="Stage1_1.cpp">
      <Filter>Contents\Scene\MyStageScene\Stage1\Room1</Filter>
    </ClCompile>
    <ClCompile Include="Stage1_2.cpp">
      <Filter>Contents\Scene\MyStageScene\Stage1\Room2</Filter>
    </ClCompile>
    <ClCompile Include="MyImage.cpp">
      <Filter>Engine\Resource</Filter>
    </ClCompile>
    <ClCompile Include="Ttitle.cpp">
      <Filter>Contents\Scene\MyTitleScene</Filter>
    </ClCompile>
    <ClCompile Include="MyCollider.cpp">
      <Filter>Engine\Component\Collider</Filter>
    </ClCompile>
    <ClCompile Include="MyCollisionManager.cpp">
      <Filter>Engine\Component\Collider</Filter>
    </ClCompile>
    <ClCompile Include="Stage1_1bk.cpp">
      <Filter>Contents\Scene\MyStageScene\Stage1\Room1</Filter>
    </ClCompile>
    <ClCompile Include="MyCamera.cpp">
      <Filter>Engine\Camera</Filter>
    </ClCompile>
    <ClCompile Include="Stage1_2bk.cpp">
      <Filter>Contents\Scene\MyStageScene\Stage1\Room2</Filter>
    </ClCompile>
    <ClCompile Include="AbsorbEffect.cpp">
      <Filter>Contents\Skill\AbsorbEffect</Filter>
    </ClCompile>
    <ClCompile Include="AbsorbLeftEffect.cpp">
      <Filter>Contents\Skill\AbsorbEffect</Filter>
    </ClCompile>
    <ClCompile Include="MyfadeOut.cpp">
      <Filter>Contents\Scene\fade In/Out</Filter>
    </ClCompile>
    <ClCompile Include="MyfadeIn.cpp">
      <Filter>Contents\Scene\fade In/Out</Filter>
    </ClCompile>
    <ClCompile Include="MyRigidBody.cpp">
      <Filter>Engine\Component\RigidBody</Filter>
    </ClCompile>
    <ClCompile Include="Air.cpp">
      <Filter>Contents\Skill\Air</Filter>
    </ClCompile>
    <ClCompile Include="AirLeft.cpp">
      <Filter>Contents\Skill\Air</Filter>
    </ClCompile>
    <ClCompile Include="R1Ground.cpp">
      <Filter>Contents\Object\Ground</Filter>
    </ClCompile>
    <ClCompile Include="Star.cpp">
      <Filter>Contents\Skill\StarShot</Filter>
    </ClCompile>
    <ClCompile Include="StarMap.cpp">
      <Filter>Contents\Object\Star</Filter>
    </ClCompile>
    <ClCompile Include="R2Ground.cpp">
      <Filter>Contents\Object\Ground</Filter>
    </ClCompile>
    <ClCompile Include="MyRectangle.cpp" />
    <ClCompile Include="EnergyBeam.cpp">
      <Filter>Contents\Skill\BeamKirbySkill</Filter>
    </ClCompile>
    <ClCompile Include="KirbyBeam.cpp">
      <Filter>Contents\Skill\BeamKirbySkill</Filter>
    </ClCompile>
    <ClCompile Include="LeftKirbyBeam.cpp">
      <Filter>Contents\Skill\BeamKirbySkill</Filter>
    </ClCompile>
    <ClCompile Include="LeftEnergyBeam.cpp">
      <Filter>Contents\Skill\BeamKirbySkill</Filter>
    </ClCompile>
    <ClCompile Include="HP.cpp">
      <Filter>Contents\UI</Filter>
    </ClCompile>
    <ClCompile Include="BrontoBurt.cpp">
      <Filter>Contents\Monster\BrontoBurt</Filter>
    </ClCompile>
    <ClCompile Include="MyCappy.cpp">
      <Filter>Contents\Monster\Cappy</Filter>
    </ClCompile>
    <ClCompile Include="MyTwizzy.cpp">
      <Filter>Contents\Monster\Twizzy</Filter>
    </ClCompile>
    <ClCompile Include="MyWaddle.cpp">
      <Filter>Contents\Monster\Waddle</Filter>
    </ClCompile>
    <ClCompile Include="Beam.cpp">
      <Filter>Contents\Monster\Waddle\WaddleBeam</Filter>
    </ClCompile>
    <ClCompile Include="LeftBeam.cpp">
      <Filter>Contents\Monster\Waddle\WaddleBeam</Filter>
    </ClCompile>
    <ClCompile Include="Stage2Pt.cpp">
      <Filter>Contents\Object\Portal</Filter>
    </ClCompile>
    <ClCompile Include="Bros.cpp">
      <Filter>Contents\Monster\Bros</Filter>
    </ClCompile>
    <ClCompile Include="TreeBK.cpp">
      <Filter>Contents\Scene\MyStageScene\Stage1\TreeBoss</Filter>
    </ClCompile>
    <ClCompile Include="TreeScene.cpp">
      <Filter>Contents\Scene\MyStageScene\Stage1\TreeBoss</Filter>
    </ClCompile>
    <ClCompile Include="TreeStage.cpp">
      <Filter>Contents\Scene\MyStageScene\Stage1\TreeBoss</Filter>
    </ClCompile>
    <ClCompile Include="Room3.cpp">
      <Filter>Contents\Scene\MyStageScene\Stage1\Room3</Filter>
    </ClCompile>
    <ClCompile Include="Stage1_3.cpp">
      <Filter>Contents\Scene\MyStageScene\Stage1\Room3</Filter>
    </ClCompile>
    <ClCompile Include="Stage1_3bk.cpp">
      <Filter>Contents\Scene\MyStageScene\Stage1\Room3</Filter>
    </ClCompile>
    <ClCompile Include="Portion1.cpp">
      <Filter>Contents\Item</Filter>
    </ClCompile>
    <ClCompile Include="portion2.cpp">
      <Filter>Contents\Item</Filter>
    </ClCompile>
    <ClCompile Include="portion3.cpp">
      <Filter>Contents\Item</Filter>
    </ClCompile>
    <ClCompile Include="SecretRoom.cpp">
      <Filter>Contents\Scene\MyStageScene\SecretRoom</Filter>
    </ClCompile>
    <ClCompile Include="SecretRoomScene.cpp">
      <Filter>Contents\Scene\MyStageScene\SecretRoom</Filter>
    </ClCompile>
    <ClCompile Include="Box.cpp">
      <Filter>Contents\Object\Box</Filter>
    </ClCompile>
    <ClCompile Include="R3Ground.cpp">
      <Filter>Contents\Object\Ground</Filter>
    </ClCompile>
    <ClCompile Include="Stage3Pt.cpp">
      <Filter>Contents\Object\Portal</Filter>
    </ClCompile>
    <ClCompile Include="TreeGround.cpp">
      <Filter>Contents\Object\Ground</Filter>
    </ClCompile>
    <ClCompile Include="TreeBoss.cpp">
      <Filter>Contents\Boss</Filter>
    </ClCompile>
    <ClCompile Include="WaddleDee.cpp">
      <Filter>Contents\Monster\WaddleDee</Filter>
    </ClCompile>
    <ClCompile Include="Grizzo.cpp">
      <Filter>Contents\Monster\Grizzo</Filter>
    </ClCompile>
    <ClCompile Include="SaveKirby.cpp">
      <Filter>Contents\SaveKirby</Filter>
    </ClCompile>
    <ClCompile Include="RightBoomb.cpp">
      <Filter>Contents\Skill\BoombKirbySkill</Filter>
    </ClCompile>
    <ClCompile Include="LeftBoomb.cpp">
      <Filter>Contents\Skill\BoombKirbySkill</Filter>
    </ClCompile>
    <ClCompile Include="RightZoom.cpp">
      <Filter>Contents\Skill\BoombKirbySkill</Filter>
    </ClCompile>
    <ClCompile Include="LeftZoom.cpp">
      <Filter>Contents\Skill\BoombKirbySkill</Filter>
    </ClCompile>
    <ClCompile Include="BoomBros.cpp">
      <Filter>Contents\Monster\Bros</Filter>
    </ClCompile>
    <ClCompile Include="Explosion.cpp">
      <Filter>Contents\Effect</Filter>
    </ClCompile>
    <ClCompile Include="boomrect.cpp" />
    <ClCompile Include="KirbyLeftBoom.cpp">
      <Filter>Contents\Skill\KirbyBoom</Filter>
    </ClCompile>
    <ClCompile Include="KirbyRightBoom.cpp">
      <Filter>Contents\Skill\KirbyBoom</Filter>
    </ClCompile>
  </ItemGroup>
</Project>