<?xml version="1.0" encoding="utf-8"?>
<Project ToolsVersion="4.0" xmlns="http://schemas.microsoft.com/developer/msbuild/2003">
  <ItemGroup>
    <Filter Include="리소스 파일">
      <UniqueIdentifier>{67DA6AB6-F800-4c08-8B7A-83BB121AAD01}</UniqueIdentifier>
      <Extensions>rc;ico;cur;bmp;dlg;rc2;rct;bin;rgs;gif;jpg;jpeg;jpe;resx;tiff;tif;png;wav;mfcribbon-ms</Extensions>
    </Filter>
    <Filter Include="Engine">
      <UniqueIdentifier>{e36dcc9a-3059-4405-99d7-e282f504ebaf}</UniqueIdentifier>
    </Filter>
    <Filter Include="main">
      <UniqueIdentifier>{b50b9446-6c26-47d4-a3d5-31d44ac68d4d}</UniqueIdentifier>
    </Filter>
    <Filter Include="Contents">
      <UniqueIdentifier>{752621a0-2c1a-49eb-acd8-4e7956ec2c7d}</UniqueIdentifier>
    </Filter>
    <Filter Include="Engine\GameObject">
      <UniqueIdentifier>{c8f3dd68-c91a-4b35-b620-64cdad4842e9}</UniqueIdentifier>
    </Filter>
    <Filter Include="Engine\High Level interface">
      <UniqueIdentifier>{436c21de-0ae6-4d59-8751-c7a05d62d367}</UniqueIdentifier>
    </Filter>
    <Filter Include="Engine\Scene">
      <UniqueIdentifier>{3ce43cfa-1750-44e5-ac8f-5c283cb6799f}</UniqueIdentifier>
    </Filter>
    <Filter Include="Engine\Component">
      <UniqueIdentifier>{5cb15e31-39ec-4cfb-a546-8b103dcaeed6}</UniqueIdentifier>
    </Filter>
    <Filter Include="Engine\Layer">
      <UniqueIdentifier>{e3de15b5-c3ce-423b-a4ed-bedb855d36c7}</UniqueIdentifier>
    </Filter>
    <Filter Include="Engine\Scene\PlayScene">
      <UniqueIdentifier>{a0289990-4a47-4faf-a1bf-9315d8a1a388}</UniqueIdentifier>
    </Filter>
    <Filter Include="Engine\Time">
      <UniqueIdentifier>{b838df60-0dfa-4112-9944-d4854f1342ff}</UniqueIdentifier>
    </Filter>
    <Filter Include="Contents\Player">
      <UniqueIdentifier>{2b08006e-24ed-458c-8031-43b9784d4314}</UniqueIdentifier>
    </Filter>
    <Filter Include="Contents\Scene">
      <UniqueIdentifier>{174877de-5b0f-49c2-8c90-c9ce8fad0f80}</UniqueIdentifier>
    </Filter>
    <Filter Include="Engine\Input">
      <UniqueIdentifier>{91413d4c-4c91-4a8b-8f96-852ab8ed465e}</UniqueIdentifier>
    </Filter>
    <Filter Include="Engine\Resource">
      <UniqueIdentifier>{9f177c78-8b60-487b-8e2b-6311d0632356}</UniqueIdentifier>
    </Filter>
    <Filter Include="Engine\Component\Common">
      <UniqueIdentifier>{dad570d8-1d2f-41e3-afb4-66e2930bf380}</UniqueIdentifier>
    </Filter>
    <Filter Include="Contents\Scene\MyTitleScene">
      <UniqueIdentifier>{70bc8e35-de43-467d-8b79-f9b11a2ef5af}</UniqueIdentifier>
    </Filter>
    <Filter Include="Contents\Scene\MyEndScene">
      <UniqueIdentifier>{688cac28-28be-40ff-bb6b-1090c2e34947}</UniqueIdentifier>
    </Filter>
    <Filter Include="Contents\Scene\MyStageScene">
      <UniqueIdentifier>{9d0d7c36-ee03-4167-8fb0-6596bc27e985}</UniqueIdentifier>
    </Filter>
    <Filter Include="Contents\Scene\MyStageScene\Stage1">
      <UniqueIdentifier>{08623598-f76c-462c-987f-e25d91fb878f}</UniqueIdentifier>
    </Filter>
    <Filter Include="Contents\Scene\MyStageScene\Stage1\Room1">
      <UniqueIdentifier>{03375157-d416-470d-80c0-9d1e807f9282}</UniqueIdentifier>
    </Filter>
    <Filter Include="Engine\Component\Animation">
      <UniqueIdentifier>{d68f183e-0b23-4b56-97bb-f149b71be598}</UniqueIdentifier>
    </Filter>
    <Filter Include="Engine\Component\Transform">
      <UniqueIdentifier>{7c0f9a69-c98f-4323-868d-740bb16fdfce}</UniqueIdentifier>
    </Filter>
    <Filter Include="Contents\Scene\MyStageScene\Stage1\Room2">
      <UniqueIdentifier>{c3393ae6-727d-4281-ad81-4a7449402962}</UniqueIdentifier>
    </Filter>
    <Filter Include="Engine\Component\Collider">
      <UniqueIdentifier>{54db552f-f5a3-43fa-95d5-69f57dccbb2e}</UniqueIdentifier>
    </Filter>
    <Filter Include="Contents\Monster">
      <UniqueIdentifier>{679ddc53-7b82-4b2a-aac6-9082caeff742}</UniqueIdentifier>
    </Filter>
    <Filter Include="Engine\Camera">
      <UniqueIdentifier>{a8aca8cb-9c6a-4397-ab86-ed7a64ad3832}</UniqueIdentifier>
    </Filter>
  </ItemGroup>
  <ItemGroup>
    <ClInclude Include="framework.h">
      <Filter>main</Filter>
    </ClInclude>
    <ClInclude Include="MyAPI.h">
      <Filter>main</Filter>
    </ClInclude>
    <ClInclude Include="Resource.h">
      <Filter>main</Filter>
    </ClInclude>
    <ClInclude Include="targetver.h">
      <Filter>main</Filter>
    </ClInclude>
    <ClInclude Include="Commoninclude.h">
      <Filter>Engine\Component\Common</Filter>
    </ClInclude>
    <ClInclude Include="MyEngine.h">
      <Filter>Engine\Component\Common</Filter>
    </ClInclude>
    <ClInclude Include="MyEnums.h">
      <Filter>Engine\Component\Common</Filter>
    </ClInclude>
    <ClInclude Include="MyMath.h">
      <Filter>Engine\Component\Common</Filter>
    </ClInclude>
    <ClInclude Include="MyGameObject.h">
      <Filter>Engine\GameObject</Filter>
    </ClInclude>
    <ClInclude Include="MyEntity.h">
      <Filter>Engine\Component\Common</Filter>
    </ClInclude>
    <ClInclude Include="MyApplication.h">
      <Filter>Engine\High Level interface</Filter>
    </ClInclude>
    <ClInclude Include="MyScene.h">
      <Filter>Engine\Scene</Filter>
    </ClInclude>
    <ClInclude Include="MyComponent.h">
      <Filter>Engine\Component</Filter>
    </ClInclude>
    <ClInclude Include="MySceneManager.h">
      <Filter>Engine\Scene</Filter>
    </ClInclude>
    <ClInclude Include="MyLayer.h">
      <Filter>Engine\Layer</Filter>
    </ClInclude>
    <ClInclude Include="MyKirby.h">
      <Filter>Contents\Player</Filter>
    </ClInclude>
    <ClInclude Include="MyInput.h">
      <Filter>Engine\Input</Filter>
    </ClInclude>
    <ClInclude Include="MyTime.h">
      <Filter>Engine\Time</Filter>
    </ClInclude>
    <ClInclude Include="MyResource.h">
      <Filter>Engine\Resource</Filter>
    </ClInclude>
    <ClInclude Include="MyResources.h">
      <Filter>Engine\Resource</Filter>
    </ClInclude>
    <ClInclude Include="MyTitleScene.h">
      <Filter>Contents\Scene\MyTitleScene</Filter>
    </ClInclude>
    <ClInclude Include="MyTransform.h">
      <Filter>Engine\Component\Transform</Filter>
    </ClInclude>
    <ClInclude Include="MyAnimator.h">
      <Filter>Engine\Component\Animation</Filter>
    </ClInclude>
    <ClInclude Include="MyAnimation.h">
      <Filter>Engine\Component\Animation</Filter>
    </ClInclude>
    <ClInclude Include="Room1.h">
      <Filter>Contents\Scene\MyStageScene\Stage1\Room1</Filter>
    </ClInclude>
    <ClInclude Include="Room2.h">
      <Filter>Contents\Scene\MyStageScene\Stage1\Room2</Filter>
    </ClInclude>
    <ClInclude Include="Stage1_1.h">
      <Filter>Contents\Scene\MyStageScene\Stage1\Room1</Filter>
    </ClInclude>
    <ClInclude Include="Stage1_2.h">
      <Filter>Contents\Scene\MyStageScene\Stage1\Room2</Filter>
    </ClInclude>
    <ClInclude Include="MyImage.h">
      <Filter>Engine\Resource</Filter>
    </ClInclude>
    <ClInclude Include="Ttitle.h">
      <Filter>Contents\Scene\MyTitleScene</Filter>
    </ClInclude>
    <ClInclude Include="MyCollider.h">
      <Filter>Engine\Component\Collider</Filter>
    </ClInclude>
    <ClInclude Include="MyCollisionManager.h">
      <Filter>Engine\Component\Collider</Filter>
    </ClInclude>
    <ClInclude Include="Stage1_1bk.h">
      <Filter>Contents\Scene\MyStageScene\Stage1\Room1</Filter>
    </ClInclude>
    <ClInclude Include="MyWaddle.h">
      <Filter>Contents\Monster</Filter>
    </ClInclude>
    <ClInclude Include="MyCappy.h">
      <Filter>Contents\Monster</Filter>
    </ClInclude>
    <ClInclude Include="MyTwizzy.h">
      <Filter>Contents\Monster</Filter>
    </ClInclude>
    <ClInclude Include="MyCamera.h">
      <Filter>Engine\Camera</Filter>
    </ClInclude>
    <ClInclude Include="MyObject.h">
      <Filter>Engine\GameObject</Filter>
    </ClInclude>
    <ClInclude Include="Stage1_2bk.h">
      <Filter>Contents\Scene\MyStageScene\Stage1\Room2</Filter>
    </ClInclude>
  </ItemGroup>
  <ItemGroup>
    <ResourceCompile Include="MyAPI.rc">
      <Filter>리소스 파일</Filter>
    </ResourceCompile>
  </ItemGroup>
  <ItemGroup>
    <Image Include="small.ico">
      <Filter>리소스 파일</Filter>
    </Image>
    <Image Include="MyAPI.ico">
      <Filter>리소스 파일</Filter>
    </Image>
  </ItemGroup>
  <ItemGroup>
    <ClCompile Include="MyAPI.cpp">
      <Filter>main</Filter>
    </ClCompile>
    <ClCompile Include="MyMath.cpp">
      <Filter>Engine\Component\Common</Filter>
    </ClCompile>
    <ClCompile Include="MyGameObject.cpp">
      <Filter>Engine\GameObject</Filter>
    </ClCompile>
    <ClCompile Include="MyEntity.cpp">
      <Filter>Engine\Component\Common</Filter>
    </ClCompile>
    <ClCompile Include="MyApplication.cpp">
      <Filter>Engine\High Level interface</Filter>
    </ClCompile>
    <ClCompile Include="MyScene.cpp">
      <Filter>Engine\Scene</Filter>
    </ClCompile>
    <ClCompile Include="MyComponent.cpp">
      <Filter>Engine\Component</Filter>
    </ClCompile>
    <ClCompile Include="MySceneManager.cpp">
      <Filter>Engine\Scene</Filter>
    </ClCompile>
    <ClCompile Include="MyLayer.cpp">
      <Filter>Engine\Layer</Filter>
    </ClCompile>
    <ClCompile Include="MyKirby.cpp">
      <Filter>Contents\Player</Filter>
    </ClCompile>
    <ClCompile Include="MyInput.cpp">
      <Filter>Engine\Input</Filter>
    </ClCompile>
    <ClCompile Include="MyTime.cpp">
      <Filter>Engine\Time</Filter>
    </ClCompile>
    <ClCompile Include="MyResource.cpp">
      <Filter>Engine\Resource</Filter>
    </ClCompile>
    <ClCompile Include="MyResources.cpp">
      <Filter>Engine\Resource</Filter>
    </ClCompile>
    <ClCompile Include="MyTitleScene.cpp">
      <Filter>Contents\Scene\MyTitleScene</Filter>
    </ClCompile>
    <ClCompile Include="MyTransform.cpp">
      <Filter>Engine\Component\Transform</Filter>
    </ClCompile>
    <ClCompile Include="MyAnimator.cpp">
      <Filter>Engine\Component\Animation</Filter>
    </ClCompile>
    <ClCompile Include="MyAnimation.cpp">
      <Filter>Engine\Component\Animation</Filter>
    </ClCompile>
    <ClCompile Include="Room1.cpp">
      <Filter>Contents\Scene\MyStageScene\Stage1\Room1</Filter>
    </ClCompile>
    <ClCompile Include="Room2.cpp">
      <Filter>Contents\Scene\MyStageScene\Stage1\Room2</Filter>
    </ClCompile>
    <ClCompile Include="Stage1_1.cpp">
      <Filter>Contents\Scene\MyStageScene\Stage1\Room1</Filter>
    </ClCompile>
    <ClCompile Include="Stage1_2.cpp">
      <Filter>Contents\Scene\MyStageScene\Stage1\Room2</Filter>
    </ClCompile>
    <ClCompile Include="MyImage.cpp">
      <Filter>Engine\Resource</Filter>
    </ClCompile>
    <ClCompile Include="Ttitle.cpp">
      <Filter>Contents\Scene\MyTitleScene</Filter>
    </ClCompile>
    <ClCompile Include="MyCollider.cpp">
      <Filter>Engine\Component\Collider</Filter>
    </ClCompile>
    <ClCompile Include="MyCollisionManager.cpp">
      <Filter>Engine\Component\Collider</Filter>
    </ClCompile>
    <ClCompile Include="Stage1_1bk.cpp">
      <Filter>Contents\Scene\MyStageScene\Stage1\Room1</Filter>
    </ClCompile>
    <ClCompile Include="MyWaddle.cpp">
      <Filter>Contents\Monster</Filter>
    </ClCompile>
    <ClCompile Include="MyCappy.cpp">
      <Filter>Contents\Monster</Filter>
    </ClCompile>
    <ClCompile Include="MyTwizzy.cpp">
      <Filter>Contents\Monster</Filter>
    </ClCompile>
    <ClCompile Include="MyCamera.cpp">
      <Filter>Engine\Camera</Filter>
    </ClCompile>
    <ClCompile Include="Stage1_2bk.cpp">
      <Filter>Contents\Scene\MyStageScene\Stage1\Room2</Filter>
    </ClCompile>
  </ItemGroup>
</Project>